
Microsoft Visual Studio Solution File, Format Version 12.00
# Visual Studio Version 17
VisualStudioVersion = 17.2.32630.192
MinimumVisualStudioVersion = 10.0.40219.1
Project("{FAE04EC0-301F-11D3-BF4B-00C04F79EFBC}") = "sequencia-impares", "sequencia-impares\sequencia-impares.csproj", "{CC02D519-5597-4724-B305-062C719A9B89}"
EndProject
Global
	GlobalSection(SolutionConfigurationPlatforms) = preSolution
		Debug|Any CPU = Debug|Any CPU
		Release|Any CPU = Release|Any CPU
	EndGlobalSection
	GlobalSection(ProjectConfigurationPlatforms) = postSolution
		{CC02D519-5597-4724-B305-062C719A9B89}.Debug|Any CPU.ActiveCfg = Debug|Any CPU
		{CC02D519-5597-4724-B305-062C719A9B89}.Debug|Any CPU.Build.0 = Debug|Any CPU
		{CC02D519-5597-4724-B305-062C719A9B89}.Release|Any CPU.ActiveCfg = Release|Any CPU
		{CC02D519-5597-4724-B305-062C719A9B89}.Release|Any CPU.Build.0 = Release|Any CPU
	EndGlobalSection
	GlobalSection(SolutionProperties) = preSolution
		HideSolutionNode = FALSE
	EndGlobalSection
	GlobalSection(ExtensibilityGlobals) = postSolution
		SolutionGuid = {E52159B8-8D92-4243-8671-F46764D734B2}
	EndGlobalSection
EndGlobal
