
Microsoft Visual Studio Solution File, Format Version 12.00
# Visual Studio Version 17
VisualStudioVersion = 17.2.32630.192
MinimumVisualStudioVersion = 10.0.40219.1
Project("{FAE04EC0-301F-11D3-BF4B-00C04F79EFBC}") = "acima-diagonal", "acima-diagonal\acima-diagonal.csproj", "{773DF2D0-8017-48DE-8800-C474AD106AAD}"
EndProject
Global
	GlobalSection(SolutionConfigurationPlatforms) = preSolution
		Debug|Any CPU = Debug|Any CPU
		Release|Any CPU = Release|Any CPU
	EndGlobalSection
	GlobalSection(ProjectConfigurationPlatforms) = postSolution
		{773DF2D0-8017-48DE-8800-C474AD106AAD}.Debug|Any CPU.ActiveCfg = Debug|Any CPU
		{773DF2D0-8017-48DE-8800-C474AD106AAD}.Debug|Any CPU.Build.0 = Debug|Any CPU
		{773DF2D0-8017-48DE-8800-C474AD106AAD}.Release|Any CPU.ActiveCfg = Release|Any CPU
		{773DF2D0-8017-48DE-8800-C474AD106AAD}.Release|Any CPU.Build.0 = Release|Any CPU
	EndGlobalSection
	GlobalSection(SolutionProperties) = preSolution
		HideSolutionNode = FALSE
	EndGlobalSection
	GlobalSection(ExtensibilityGlobals) = postSolution
		SolutionGuid = {E37BAD11-DF27-4442-845F-73AA6D4F4E58}
	EndGlobalSection
EndGlobal
