
Microsoft Visual Studio Solution File, Format Version 12.00
# Visual Studio Version 17
VisualStudioVersion = 17.2.32630.192
MinimumVisualStudioVersion = 10.0.40219.1
Project("{FAE04EC0-301F-11D3-BF4B-00C04F79EFBC}") = "matriz-geral", "matriz-geral\matriz-geral.csproj", "{8572EB9D-2DBC-4F05-86A5-B87384501458}"
EndProject
Global
	GlobalSection(SolutionConfigurationPlatforms) = preSolution
		Debug|Any CPU = Debug|Any CPU
		Release|Any CPU = Release|Any CPU
	EndGlobalSection
	GlobalSection(ProjectConfigurationPlatforms) = postSolution
		{8572EB9D-2DBC-4F05-86A5-B87384501458}.Debug|Any CPU.ActiveCfg = Debug|Any CPU
		{8572EB9D-2DBC-4F05-86A5-B87384501458}.Debug|Any CPU.Build.0 = Debug|Any CPU
		{8572EB9D-2DBC-4F05-86A5-B87384501458}.Release|Any CPU.ActiveCfg = Release|Any CPU
		{8572EB9D-2DBC-4F05-86A5-B87384501458}.Release|Any CPU.Build.0 = Release|Any CPU
	EndGlobalSection
	GlobalSection(SolutionProperties) = preSolution
		HideSolutionNode = FALSE
	EndGlobalSection
	GlobalSection(ExtensibilityGlobals) = postSolution
		SolutionGuid = {D7E474E0-5E2D-40BC-92BA-F780EB4A9C73}
	EndGlobalSection
EndGlobal
