
Microsoft Visual Studio Solution File, Format Version 12.00
# Visual Studio Version 17
VisualStudioVersion = 17.2.32630.192
MinimumVisualStudioVersion = 10.0.40219.1
Project("{FAE04EC0-301F-11D3-BF4B-00C04F79EFBC}") = "combustivel", "combustivel\combustivel.csproj", "{69DCD0B8-8723-4132-B06F-BC303E2D00AD}"
EndProject
Global
	GlobalSection(SolutionConfigurationPlatforms) = preSolution
		Debug|Any CPU = Debug|Any CPU
		Release|Any CPU = Release|Any CPU
	EndGlobalSection
	GlobalSection(ProjectConfigurationPlatforms) = postSolution
		{69DCD0B8-8723-4132-B06F-BC303E2D00AD}.Debug|Any CPU.ActiveCfg = Debug|Any CPU
		{69DCD0B8-8723-4132-B06F-BC303E2D00AD}.Debug|Any CPU.Build.0 = Debug|Any CPU
		{69DCD0B8-8723-4132-B06F-BC303E2D00AD}.Release|Any CPU.ActiveCfg = Release|Any CPU
		{69DCD0B8-8723-4132-B06F-BC303E2D00AD}.Release|Any CPU.Build.0 = Release|Any CPU
	EndGlobalSection
	GlobalSection(SolutionProperties) = preSolution
		HideSolutionNode = FALSE
	EndGlobalSection
	GlobalSection(ExtensibilityGlobals) = postSolution
		SolutionGuid = {390832E6-8885-4D21-83EE-AECE4D0509FB}
	EndGlobalSection
EndGlobal
