
Microsoft Visual Studio Solution File, Format Version 12.00
# Visual Studio Version 17
VisualStudioVersion = 17.2.32630.192
MinimumVisualStudioVersion = 10.0.40219.1
Project("{FAE04EC0-301F-11D3-BF4B-00C04F79EFBC}") = "idades", "idades\idades.csproj", "{167662A5-93B9-4145-8224-06AA687D0E52}"
EndProject
Global
	GlobalSection(SolutionConfigurationPlatforms) = preSolution
		Debug|Any CPU = Debug|Any CPU
		Release|Any CPU = Release|Any CPU
	EndGlobalSection
	GlobalSection(ProjectConfigurationPlatforms) = postSolution
		{167662A5-93B9-4145-8224-06AA687D0E52}.Debug|Any CPU.ActiveCfg = Debug|Any CPU
		{167662A5-93B9-4145-8224-06AA687D0E52}.Debug|Any CPU.Build.0 = Debug|Any CPU
		{167662A5-93B9-4145-8224-06AA687D0E52}.Release|Any CPU.ActiveCfg = Release|Any CPU
		{167662A5-93B9-4145-8224-06AA687D0E52}.Release|Any CPU.Build.0 = Release|Any CPU
	EndGlobalSection
	GlobalSection(SolutionProperties) = preSolution
		HideSolutionNode = FALSE
	EndGlobalSection
	GlobalSection(ExtensibilityGlobals) = postSolution
		SolutionGuid = {CB615A4C-25BD-4051-9B74-B6A1C5EC5F4D}
	EndGlobalSection
EndGlobal
