
Microsoft Visual Studio Solution File, Format Version 12.00
# Visual Studio Version 17
VisualStudioVersion = 17.2.32630.192
MinimumVisualStudioVersion = 10.0.40219.1
Project("{FAE04EC0-301F-11D3-BF4B-00C04F79EFBC}") = "troco-verificado", "troco-verificado\troco-verificado.csproj", "{1D064296-1CE8-41DC-9B76-26F9C1042531}"
EndProject
Global
	GlobalSection(SolutionConfigurationPlatforms) = preSolution
		Debug|Any CPU = Debug|Any CPU
		Release|Any CPU = Release|Any CPU
	EndGlobalSection
	GlobalSection(ProjectConfigurationPlatforms) = postSolution
		{1D064296-1CE8-41DC-9B76-26F9C1042531}.Debug|Any CPU.ActiveCfg = Debug|Any CPU
		{1D064296-1CE8-41DC-9B76-26F9C1042531}.Debug|Any CPU.Build.0 = Debug|Any CPU
		{1D064296-1CE8-41DC-9B76-26F9C1042531}.Release|Any CPU.ActiveCfg = Release|Any CPU
		{1D064296-1CE8-41DC-9B76-26F9C1042531}.Release|Any CPU.Build.0 = Release|Any CPU
	EndGlobalSection
	GlobalSection(SolutionProperties) = preSolution
		HideSolutionNode = FALSE
	EndGlobalSection
	GlobalSection(ExtensibilityGlobals) = postSolution
		SolutionGuid = {CFF11398-C918-4A3E-A0C2-E64FB094C67C}
	EndGlobalSection
EndGlobal
