
Microsoft Visual Studio Solution File, Format Version 12.00
# Visual Studio Version 17
VisualStudioVersion = 17.2.32630.192
MinimumVisualStudioVersion = 10.0.40219.1
Project("{FAE04EC0-301F-11D3-BF4B-00C04F79EFBC}") = "dentro-fora", "dentro-fora\dentro-fora.csproj", "{1288517B-2F59-40EE-8274-E5B62C70E6BC}"
EndProject
Global
	GlobalSection(SolutionConfigurationPlatforms) = preSolution
		Debug|Any CPU = Debug|Any CPU
		Release|Any CPU = Release|Any CPU
	EndGlobalSection
	GlobalSection(ProjectConfigurationPlatforms) = postSolution
		{1288517B-2F59-40EE-8274-E5B62C70E6BC}.Debug|Any CPU.ActiveCfg = Debug|Any CPU
		{1288517B-2F59-40EE-8274-E5B62C70E6BC}.Debug|Any CPU.Build.0 = Debug|Any CPU
		{1288517B-2F59-40EE-8274-E5B62C70E6BC}.Release|Any CPU.ActiveCfg = Release|Any CPU
		{1288517B-2F59-40EE-8274-E5B62C70E6BC}.Release|Any CPU.Build.0 = Release|Any CPU
	EndGlobalSection
	GlobalSection(SolutionProperties) = preSolution
		HideSolutionNode = FALSE
	EndGlobalSection
	GlobalSection(ExtensibilityGlobals) = postSolution
		SolutionGuid = {D51134AB-40A7-4F26-8C32-1F4FCDEECE6D}
	EndGlobalSection
EndGlobal
