
Microsoft Visual Studio Solution File, Format Version 12.00
# Visual Studio Version 17
VisualStudioVersion = 17.2.32630.192
MinimumVisualStudioVersion = 10.0.40219.1
Project("{FAE04EC0-301F-11D3-BF4B-00C04F79EFBC}") = "negativos", "negativos\negativos.csproj", "{368CD718-499F-46E9-8A3E-99857D531E91}"
EndProject
Global
	GlobalSection(SolutionConfigurationPlatforms) = preSolution
		Debug|Any CPU = Debug|Any CPU
		Release|Any CPU = Release|Any CPU
	EndGlobalSection
	GlobalSection(ProjectConfigurationPlatforms) = postSolution
		{368CD718-499F-46E9-8A3E-99857D531E91}.Debug|Any CPU.ActiveCfg = Debug|Any CPU
		{368CD718-499F-46E9-8A3E-99857D531E91}.Debug|Any CPU.Build.0 = Debug|Any CPU
		{368CD718-499F-46E9-8A3E-99857D531E91}.Release|Any CPU.ActiveCfg = Release|Any CPU
		{368CD718-499F-46E9-8A3E-99857D531E91}.Release|Any CPU.Build.0 = Release|Any CPU
	EndGlobalSection
	GlobalSection(SolutionProperties) = preSolution
		HideSolutionNode = FALSE
	EndGlobalSection
	GlobalSection(ExtensibilityGlobals) = postSolution
		SolutionGuid = {2D02C984-39E4-4CA6-9FB5-85867327CD81}
	EndGlobalSection
EndGlobal
