
Microsoft Visual Studio Solution File, Format Version 12.00
# Visual Studio Version 17
VisualStudioVersion = 17.2.32630.192
MinimumVisualStudioVersion = 10.0.40219.1
Project("{FAE04EC0-301F-11D3-BF4B-00C04F79EFBC}") = "alturas", "alturas\alturas.csproj", "{14AE5B55-E388-4CF0-A966-40C70ECEA9E8}"
EndProject
Global
	GlobalSection(SolutionConfigurationPlatforms) = preSolution
		Debug|Any CPU = Debug|Any CPU
		Release|Any CPU = Release|Any CPU
	EndGlobalSection
	GlobalSection(ProjectConfigurationPlatforms) = postSolution
		{14AE5B55-E388-4CF0-A966-40C70ECEA9E8}.Debug|Any CPU.ActiveCfg = Debug|Any CPU
		{14AE5B55-E388-4CF0-A966-40C70ECEA9E8}.Debug|Any CPU.Build.0 = Debug|Any CPU
		{14AE5B55-E388-4CF0-A966-40C70ECEA9E8}.Release|Any CPU.ActiveCfg = Release|Any CPU
		{14AE5B55-E388-4CF0-A966-40C70ECEA9E8}.Release|Any CPU.Build.0 = Release|Any CPU
	EndGlobalSection
	GlobalSection(SolutionProperties) = preSolution
		HideSolutionNode = FALSE
	EndGlobalSection
	GlobalSection(ExtensibilityGlobals) = postSolution
		SolutionGuid = {8F5E45B7-7C13-4B80-BAAB-1CC9948B7FAE}
	EndGlobalSection
EndGlobal
