
Microsoft Visual Studio Solution File, Format Version 12.00
# Visual Studio Version 17
VisualStudioVersion = 17.2.32630.192
MinimumVisualStudioVersion = 10.0.40219.1
Project("{FAE04EC0-301F-11D3-BF4B-00C04F79EFBC}") = "lanchonete", "lanchonete\lanchonete.csproj", "{F4884B68-30AC-4BE6-A806-207FE4C6607E}"
EndProject
Global
	GlobalSection(SolutionConfigurationPlatforms) = preSolution
		Debug|Any CPU = Debug|Any CPU
		Release|Any CPU = Release|Any CPU
	EndGlobalSection
	GlobalSection(ProjectConfigurationPlatforms) = postSolution
		{F4884B68-30AC-4BE6-A806-207FE4C6607E}.Debug|Any CPU.ActiveCfg = Debug|Any CPU
		{F4884B68-30AC-4BE6-A806-207FE4C6607E}.Debug|Any CPU.Build.0 = Debug|Any CPU
		{F4884B68-30AC-4BE6-A806-207FE4C6607E}.Release|Any CPU.ActiveCfg = Release|Any CPU
		{F4884B68-30AC-4BE6-A806-207FE4C6607E}.Release|Any CPU.Build.0 = Release|Any CPU
	EndGlobalSection
	GlobalSection(SolutionProperties) = preSolution
		HideSolutionNode = FALSE
	EndGlobalSection
	GlobalSection(ExtensibilityGlobals) = postSolution
		SolutionGuid = {18A1066F-DD41-4916-841F-16516FDCC20E}
	EndGlobalSection
EndGlobal
