
Microsoft Visual Studio Solution File, Format Version 12.00
# Visual Studio Version 17
VisualStudioVersion = 17.2.32630.192
MinimumVisualStudioVersion = 10.0.40219.1
Project("{FAE04EC0-301F-11D3-BF4B-00C04F79EFBC}") = "tempo-de-jogo", "tempo-de-jogo\tempo-de-jogo.csproj", "{41AA2237-04DD-406B-9330-E29409DAC7FB}"
EndProject
Global
	GlobalSection(SolutionConfigurationPlatforms) = preSolution
		Debug|Any CPU = Debug|Any CPU
		Release|Any CPU = Release|Any CPU
	EndGlobalSection
	GlobalSection(ProjectConfigurationPlatforms) = postSolution
		{41AA2237-04DD-406B-9330-E29409DAC7FB}.Debug|Any CPU.ActiveCfg = Debug|Any CPU
		{41AA2237-04DD-406B-9330-E29409DAC7FB}.Debug|Any CPU.Build.0 = Debug|Any CPU
		{41AA2237-04DD-406B-9330-E29409DAC7FB}.Release|Any CPU.ActiveCfg = Release|Any CPU
		{41AA2237-04DD-406B-9330-E29409DAC7FB}.Release|Any CPU.Build.0 = Release|Any CPU
	EndGlobalSection
	GlobalSection(SolutionProperties) = preSolution
		HideSolutionNode = FALSE
	EndGlobalSection
	GlobalSection(ExtensibilityGlobals) = postSolution
		SolutionGuid = {2AD7FF19-9034-42CE-A728-1917161265FF}
	EndGlobalSection
EndGlobal
